// !$*UTF8*$!
{
	archiveVersion = 1;
	classes = {
	};
	objectVersion = 46;
	objects = {

/* Begin PBXBuildFile section */
		4381CAF2431906A4382208AA /* Pods_Swiftly.framework in Frameworks */ = {isa = PBXBuildFile; fileRef = FEB378971B7FFE7A1B031EF2 /* Pods_Swiftly.framework */; };
		650E4DB01E491292009533C3 /* Store.swift in Sources */ = {isa = PBXBuildFile; fileRef = 650E4DAF1E491292009533C3 /* Store.swift */; };
		653FA5001E50F01F00611E2F /* ProposalAdapter.swift in Sources */ = {isa = PBXBuildFile; fileRef = 653FA4FF1E50F01F00611E2F /* ProposalAdapter.swift */; };
		655BD2511E4919A800FA7511 /* Router.swift in Sources */ = {isa = PBXBuildFile; fileRef = 655BD2501E4919A800FA7511 /* Router.swift */; };
		65677A5D1E4F921B0015C342 /* Configurable.swift in Sources */ = {isa = PBXBuildFile; fileRef = 65677A5B1E4F921B0015C342 /* Configurable.swift */; };
		656AF8711E45FC1300634FF2 /* AppDelegate.swift in Sources */ = {isa = PBXBuildFile; fileRef = 656AF8701E45FC1300634FF2 /* AppDelegate.swift */; };
		656AF8781E45FC1300634FF2 /* Assets.xcassets in Resources */ = {isa = PBXBuildFile; fileRef = 656AF8771E45FC1300634FF2 /* Assets.xcassets */; };
		656AF87B1E45FC1300634FF2 /* LaunchScreen.storyboard in Resources */ = {isa = PBXBuildFile; fileRef = 656AF8791E45FC1300634FF2 /* LaunchScreen.storyboard */; };
		65A2544A1E476A010080DBE5 /* GoogleService-Info.plist in Resources */ = {isa = PBXBuildFile; fileRef = 65A254491E476A010080DBE5 /* GoogleService-Info.plist */; };
		65ACB3381E6AB3A300B931E4 /* TableViewController.swift in Sources */ = {isa = PBXBuildFile; fileRef = 65ACB3371E6AB3A300B931E4 /* TableViewController.swift */; };
		65ACB33E1E6B2BB900B931E4 /* ProposalCell.swift in Sources */ = {isa = PBXBuildFile; fileRef = 65ACB33C1E6B2BB900B931E4 /* ProposalCell.swift */; };
		65ACB33F1E6B2BB900B931E4 /* ProposalCell.xib in Resources */ = {isa = PBXBuildFile; fileRef = 65ACB33D1E6B2BB900B931E4 /* ProposalCell.xib */; };
		65D618CB1E50EDBA00E58573 /* CollectionAdapter.swift in Sources */ = {isa = PBXBuildFile; fileRef = 65D618CA1E50EDBA00E58573 /* CollectionAdapter.swift */; };
		65E8CED91E47B62600536A42 /* Color.swift in Sources */ = {isa = PBXBuildFile; fileRef = 65E8CED81E47B62600536A42 /* Color.swift */; };
		65E8CEE11E47BA5600536A42 /* NibLoadable.swift in Sources */ = {isa = PBXBuildFile; fileRef = 65E8CEE01E47BA5600536A42 /* NibLoadable.swift */; };
/* End PBXBuildFile section */

/* Begin PBXFileReference section */
		650E4DAF1E491292009533C3 /* Store.swift */ = {isa = PBXFileReference; fileEncoding = 4; lastKnownFileType = sourcecode.swift; name = Store.swift; path = Model/Store.swift; sourceTree = "<group>"; };
		653FA4FF1E50F01F00611E2F /* ProposalAdapter.swift */ = {isa = PBXFileReference; fileEncoding = 4; lastKnownFileType = sourcecode.swift; name = ProposalAdapter.swift; path = Adapters/ProposalAdapter.swift; sourceTree = "<group>"; };
		655BD2501E4919A800FA7511 /* Router.swift */ = {isa = PBXFileReference; fileEncoding = 4; lastKnownFileType = sourcecode.swift; name = Router.swift; path = Routing/Router.swift; sourceTree = "<group>"; };
		65677A5B1E4F921B0015C342 /* Configurable.swift */ = {isa = PBXFileReference; fileEncoding = 4; lastKnownFileType = sourcecode.swift; name = Configurable.swift; path = Protocols/Configurable.swift; sourceTree = "<group>"; };
		656AF86D1E45FC1300634FF2 /* Swiftly.app */ = {isa = PBXFileReference; explicitFileType = wrapper.application; includeInIndex = 0; path = Swiftly.app; sourceTree = BUILT_PRODUCTS_DIR; };
		656AF8701E45FC1300634FF2 /* AppDelegate.swift */ = {isa = PBXFileReference; lastKnownFileType = sourcecode.swift; name = AppDelegate.swift; path = Main/AppDelegate.swift; sourceTree = "<group>"; };
		656AF8771E45FC1300634FF2 /* Assets.xcassets */ = {isa = PBXFileReference; lastKnownFileType = folder.assetcatalog; name = Assets.xcassets; path = Resources/Assets.xcassets; sourceTree = "<group>"; };
		656AF87A1E45FC1300634FF2 /* Base */ = {isa = PBXFileReference; lastKnownFileType = file.storyboard; name = Base; path = Base.lproj/LaunchScreen.storyboard; sourceTree = "<group>"; };
		656AF87C1E45FC1300634FF2 /* Info.plist */ = {isa = PBXFileReference; lastKnownFileType = text.plist.xml; name = Info.plist; path = SupportingFiles/Info.plist; sourceTree = "<group>"; };
		65A254491E476A010080DBE5 /* GoogleService-Info.plist */ = {isa = PBXFileReference; fileEncoding = 4; lastKnownFileType = text.plist.xml; path = "GoogleService-Info.plist"; sourceTree = SOURCE_ROOT; };
		65ACB3371E6AB3A300B931E4 /* TableViewController.swift */ = {isa = PBXFileReference; fileEncoding = 4; lastKnownFileType = sourcecode.swift; name = TableViewController.swift; path = ViewControllers/TableViewController.swift; sourceTree = "<group>"; };
		65ACB33C1E6B2BB900B931E4 /* ProposalCell.swift */ = {isa = PBXFileReference; fileEncoding = 4; lastKnownFileType = sourcecode.swift; name = ProposalCell.swift; path = Views/Cells/ProposalCell.swift; sourceTree = "<group>"; };
		65ACB33D1E6B2BB900B931E4 /* ProposalCell.xib */ = {isa = PBXFileReference; fileEncoding = 4; lastKnownFileType = file.xib; name = ProposalCell.xib; path = Views/Cells/ProposalCell.xib; sourceTree = "<group>"; };
		65D618CA1E50EDBA00E58573 /* CollectionAdapter.swift */ = {isa = PBXFileReference; fileEncoding = 4; lastKnownFileType = sourcecode.swift; name = CollectionAdapter.swift; path = Protocols/CollectionAdapter.swift; sourceTree = "<group>"; };
		65E8CED81E47B62600536A42 /* Color.swift */ = {isa = PBXFileReference; fileEncoding = 4; lastKnownFileType = sourcecode.swift; name = Color.swift; path = Appearance/Color.swift; sourceTree = "<group>"; };
		65E8CEE01E47BA5600536A42 /* NibLoadable.swift */ = {isa = PBXFileReference; fileEncoding = 4; lastKnownFileType = sourcecode.swift; name = NibLoadable.swift; path = Protocols/NibLoadable.swift; sourceTree = "<group>"; };
		B6456A7A3A1BC4D763870ED0 /* Pods-Swiftly.release.xcconfig */ = {isa = PBXFileReference; includeInIndex = 1; lastKnownFileType = text.xcconfig; name = "Pods-Swiftly.release.xcconfig"; path = "Pods/Target Support Files/Pods-Swiftly/Pods-Swiftly.release.xcconfig"; sourceTree = "<group>"; };
		F525B855041DE752FF25D441 /* Pods-Swiftly.debug.xcconfig */ = {isa = PBXFileReference; includeInIndex = 1; lastKnownFileType = text.xcconfig; name = "Pods-Swiftly.debug.xcconfig"; path = "Pods/Target Support Files/Pods-Swiftly/Pods-Swiftly.debug.xcconfig"; sourceTree = "<group>"; };
		FEB378971B7FFE7A1B031EF2 /* Pods_Swiftly.framework */ = {isa = PBXFileReference; explicitFileType = wrapper.framework; includeInIndex = 0; path = Pods_Swiftly.framework; sourceTree = BUILT_PRODUCTS_DIR; };
/* End PBXFileReference section */

/* Begin PBXFrameworksBuildPhase section */
		656AF86A1E45FC1300634FF2 /* Frameworks */ = {
			isa = PBXFrameworksBuildPhase;
			buildActionMask = 2147483647;
			files = (
				4381CAF2431906A4382208AA /* Pods_Swiftly.framework in Frameworks */,
			);
			runOnlyForDeploymentPostprocessing = 0;
		};
/* End PBXFrameworksBuildPhase section */

/* Begin PBXGroup section */
		655BD24F1E49196900FA7511 /* Routing */ = {
			isa = PBXGroup;
			children = (
				655BD2501E4919A800FA7511 /* Router.swift */,
			);
			name = Routing;
			sourceTree = "<group>";
		};
		656AF8641E45FC1300634FF2 = {
			isa = PBXGroup;
			children = (
				656AF86F1E45FC1300634FF2 /* Swiftly */,
				656AF86E1E45FC1300634FF2 /* Products */,
				CF6C032C1184B261FC7B08E4 /* Pods */,
				AF266B81ADB02533C91F0FC1 /* Frameworks */,
			);
			sourceTree = "<group>";
		};
		656AF86E1E45FC1300634FF2 /* Products */ = {
			isa = PBXGroup;
			children = (
				656AF86D1E45FC1300634FF2 /* Swiftly.app */,
			);
			name = Products;
			sourceTree = "<group>";
		};
		656AF86F1E45FC1300634FF2 /* Swiftly */ = {
			isa = PBXGroup;
			children = (
				65D618C81E50ED5200E58573 /* Adapters */,
				655BD24F1E49196900FA7511 /* Routing */,
				65E8CEDF1E47BA3D00536A42 /* Protocols */,
				65E8CED71E47B58600536A42 /* Appearance */,
				65E8CED11E47AECE00536A42 /* Views */,
				65759CEB1E46199100E74DCD /* ViewControllers */,
				656AF8831E4614FA00634FF2 /* Main */,
				656AF8821E46144500634FF2 /* Storyboard */,
				656AF8851E46150E00634FF2 /* Resources */,
				656AF8841E46150700634FF2 /* SupportingFiles */,
				65D618C91E50ED7C00E58573 /* Model */,
			);
			path = Swiftly;
			sourceTree = "<group>";
		};
		656AF8821E46144500634FF2 /* Storyboard */ = {
			isa = PBXGroup;
			children = (
				656AF8791E45FC1300634FF2 /* LaunchScreen.storyboard */,
			);
			name = Storyboard;
			sourceTree = "<group>";
		};
		656AF8831E4614FA00634FF2 /* Main */ = {
			isa = PBXGroup;
			children = (
				656AF8701E45FC1300634FF2 /* AppDelegate.swift */,
			);
			name = Main;
			sourceTree = "<group>";
		};
		656AF8841E46150700634FF2 /* SupportingFiles */ = {
			isa = PBXGroup;
			children = (
				65A254491E476A010080DBE5 /* GoogleService-Info.plist */,
				656AF87C1E45FC1300634FF2 /* Info.plist */,
			);
			name = SupportingFiles;
			sourceTree = "<group>";
		};
		656AF8851E46150E00634FF2 /* Resources */ = {
			isa = PBXGroup;
			children = (
				656AF8771E45FC1300634FF2 /* Assets.xcassets */,
			);
			name = Resources;
			sourceTree = "<group>";
		};
		65759CEB1E46199100E74DCD /* ViewControllers */ = {
			isa = PBXGroup;
			children = (
				65ACB3371E6AB3A300B931E4 /* TableViewController.swift */,
			);
			name = ViewControllers;
			sourceTree = "<group>";
		};
		65ACB3391E6AB3CA00B931E4 /* Proposals */ = {
			isa = PBXGroup;
			children = (
				65ACB33C1E6B2BB900B931E4 /* ProposalCell.swift */,
				65ACB33D1E6B2BB900B931E4 /* ProposalCell.xib */,
			);
			name = Proposals;
			sourceTree = "<group>";
		};
		65D618C81E50ED5200E58573 /* Adapters */ = {
			isa = PBXGroup;
			children = (
				653FA4FF1E50F01F00611E2F /* ProposalAdapter.swift */,
			);
			name = Adapters;
			sourceTree = "<group>";
		};
		65D618C91E50ED7C00E58573 /* Model */ = {
			isa = PBXGroup;
			children = (
				650E4DAF1E491292009533C3 /* Store.swift */,
			);
			name = Model;
			sourceTree = "<group>";
		};
		65E8CED11E47AECE00536A42 /* Views */ = {
			isa = PBXGroup;
			children = (
				65E8CED21E47AED500536A42 /* Cells */,
			);
			name = Views;
			sourceTree = "<group>";
		};
		65E8CED21E47AED500536A42 /* Cells */ = {
			isa = PBXGroup;
			children = (
				65ACB3391E6AB3CA00B931E4 /* Proposals */,
			);
			name = Cells;
			sourceTree = "<group>";
		};
		65E8CED71E47B58600536A42 /* Appearance */ = {
			isa = PBXGroup;
			children = (
				65E8CED81E47B62600536A42 /* Color.swift */,
			);
			name = Appearance;
			sourceTree = "<group>";
		};
		65E8CEDF1E47BA3D00536A42 /* Protocols */ = {
			isa = PBXGroup;
			children = (
				65677A5B1E4F921B0015C342 /* Configurable.swift */,
				65E8CEE01E47BA5600536A42 /* NibLoadable.swift */,
				65D618CA1E50EDBA00E58573 /* CollectionAdapter.swift */,
			);
			name = Protocols;
			sourceTree = "<group>";
		};
		AF266B81ADB02533C91F0FC1 /* Frameworks */ = {
			isa = PBXGroup;
			children = (
				FEB378971B7FFE7A1B031EF2 /* Pods_Swiftly.framework */,
			);
			name = Frameworks;
			sourceTree = "<group>";
		};
		CF6C032C1184B261FC7B08E4 /* Pods */ = {
			isa = PBXGroup;
			children = (
				F525B855041DE752FF25D441 /* Pods-Swiftly.debug.xcconfig */,
				B6456A7A3A1BC4D763870ED0 /* Pods-Swiftly.release.xcconfig */,
			);
			name = Pods;
			sourceTree = "<group>";
		};
/* End PBXGroup section */

/* Begin PBXNativeTarget section */
		656AF86C1E45FC1300634FF2 /* Swiftly */ = {
			isa = PBXNativeTarget;
			buildConfigurationList = 656AF87F1E45FC1300634FF2 /* Build configuration list for PBXNativeTarget "Swiftly" */;
			buildPhases = (
				4FB694C065AC32649CBCFCBE /* [CP] Check Pods Manifest.lock */,
				656AF8691E45FC1300634FF2 /* Sources */,
				656AF86A1E45FC1300634FF2 /* Frameworks */,
				656AF86B1E45FC1300634FF2 /* Resources */,
				79CD012622BD7769BCAAC280 /* [CP] Embed Pods Frameworks */,
				5D5E4CA240B20910C84EA9A1 /* [CP] Copy Pods Resources */,
				651B404B1E47851B00DE55D5 /* ShellScript */,
			);
			buildRules = (
			);
			dependencies = (
			);
			name = Swiftly;
			productName = Swiftly;
			productReference = 656AF86D1E45FC1300634FF2 /* Swiftly.app */;
			productType = "com.apple.product-type.application";
		};
/* End PBXNativeTarget section */

/* Begin PBXProject section */
		656AF8651E45FC1300634FF2 /* Project object */ = {
			isa = PBXProject;
			attributes = {
				LastSwiftUpdateCheck = 0820;
				LastUpgradeCheck = 0820;
				ORGANIZATIONNAME = "Pete Smith";
				TargetAttributes = {
					656AF86C1E45FC1300634FF2 = {
						CreatedOnToolsVersion = 8.2.1;
						DevelopmentTeam = 49CJ89TL4W;
						ProvisioningStyle = Automatic;
					};
				};
			};
			buildConfigurationList = 656AF8681E45FC1300634FF2 /* Build configuration list for PBXProject "Swiftly" */;
			compatibilityVersion = "Xcode 3.2";
			developmentRegion = English;
			hasScannedForEncodings = 0;
			knownRegions = (
				en,
				Base,
			);
			mainGroup = 656AF8641E45FC1300634FF2;
			productRefGroup = 656AF86E1E45FC1300634FF2 /* Products */;
			projectDirPath = "";
			projectRoot = "";
			targets = (
				656AF86C1E45FC1300634FF2 /* Swiftly */,
			);
		};
/* End PBXProject section */

/* Begin PBXResourcesBuildPhase section */
		656AF86B1E45FC1300634FF2 /* Resources */ = {
			isa = PBXResourcesBuildPhase;
			buildActionMask = 2147483647;
			files = (
				656AF87B1E45FC1300634FF2 /* LaunchScreen.storyboard in Resources */,
				65ACB33F1E6B2BB900B931E4 /* ProposalCell.xib in Resources */,
				65A2544A1E476A010080DBE5 /* GoogleService-Info.plist in Resources */,
				656AF8781E45FC1300634FF2 /* Assets.xcassets in Resources */,
			);
			runOnlyForDeploymentPostprocessing = 0;
		};
/* End PBXResourcesBuildPhase section */

/* Begin PBXShellScriptBuildPhase section */
		4FB694C065AC32649CBCFCBE /* [CP] Check Pods Manifest.lock */ = {
			isa = PBXShellScriptBuildPhase;
			buildActionMask = 2147483647;
			files = (
			);
			inputPaths = (
			);
			name = "[CP] Check Pods Manifest.lock";
			outputPaths = (
			);
			runOnlyForDeploymentPostprocessing = 0;
			shellPath = /bin/sh;
			shellScript = "diff \"${PODS_ROOT}/../Podfile.lock\" \"${PODS_ROOT}/Manifest.lock\" > /dev/null\nif [ $? != 0 ] ; then\n    # print error to STDERR\n    echo \"error: The sandbox is not in sync with the Podfile.lock. Run 'pod install' or update your CocoaPods installation.\" >&2\n    exit 1\nfi\n";
			showEnvVarsInLog = 0;
		};
		5D5E4CA240B20910C84EA9A1 /* [CP] Copy Pods Resources */ = {
			isa = PBXShellScriptBuildPhase;
			buildActionMask = 2147483647;
			files = (
			);
			inputPaths = (
			);
			name = "[CP] Copy Pods Resources";
			outputPaths = (
			);
			runOnlyForDeploymentPostprocessing = 0;
			shellPath = /bin/sh;
			shellScript = "\"${SRCROOT}/Pods/Target Support Files/Pods-Swiftly/Pods-Swiftly-resources.sh\"\n";
			showEnvVarsInLog = 0;
		};
		651B404B1E47851B00DE55D5 /* ShellScript */ = {
			isa = PBXShellScriptBuildPhase;
			buildActionMask = 2147483647;
			files = (
			);
			inputPaths = (
			);
			outputPaths = (
			);
			runOnlyForDeploymentPostprocessing = 0;
			shellPath = /bin/sh;
			shellScript = "\"${PODS_ROOT}/Fabric/run\" d20e1a0745cc910dd8867af800ed18f7c9ba4b4e 88911daebde98c45a856ec87472fc710e32537bd0f150b15393167e7bffd492a";
		};
		79CD012622BD7769BCAAC280 /* [CP] Embed Pods Frameworks */ = {
			isa = PBXShellScriptBuildPhase;
			buildActionMask = 2147483647;
			files = (
			);
			inputPaths = (
			);
			name = "[CP] Embed Pods Frameworks";
			outputPaths = (
			);
			runOnlyForDeploymentPostprocessing = 0;
			shellPath = /bin/sh;
			shellScript = "\"${SRCROOT}/Pods/Target Support Files/Pods-Swiftly/Pods-Swiftly-frameworks.sh\"\n";
			showEnvVarsInLog = 0;
		};
/* End PBXShellScriptBuildPhase section */

/* Begin PBXSourcesBuildPhase section */
		656AF8691E45FC1300634FF2 /* Sources */ = {
			isa = PBXSourcesBuildPhase;
			buildActionMask = 2147483647;
			files = (
				65ACB3381E6AB3A300B931E4 /* TableViewController.swift in Sources */,
				656AF8711E45FC1300634FF2 /* AppDelegate.swift in Sources */,
				653FA5001E50F01F00611E2F /* ProposalAdapter.swift in Sources */,
				655BD2511E4919A800FA7511 /* Router.swift in Sources */,
				65D618CB1E50EDBA00E58573 /* CollectionAdapter.swift in Sources */,
				65ACB33E1E6B2BB900B931E4 /* ProposalCell.swift in Sources */,
				650E4DB01E491292009533C3 /* Store.swift in Sources */,
				65E8CEE11E47BA5600536A42 /* NibLoadable.swift in Sources */,
				65677A5D1E4F921B0015C342 /* Configurable.swift in Sources */,
				65E8CED91E47B62600536A42 /* Color.swift in Sources */,
			);
			runOnlyForDeploymentPostprocessing = 0;
		};
/* End PBXSourcesBuildPhase section */

/* Begin PBXVariantGroup section */
		656AF8791E45FC1300634FF2 /* LaunchScreen.storyboard */ = {
			isa = PBXVariantGroup;
			children = (
				656AF87A1E45FC1300634FF2 /* Base */,
			);
			name = LaunchScreen.storyboard;
			sourceTree = "<group>";
		};
/* End PBXVariantGroup section */

/* Begin XCBuildConfiguration section */
		656AF87D1E45FC1300634FF2 /* Debug */ = {
			isa = XCBuildConfiguration;
			buildSettings = {
				ALWAYS_SEARCH_USER_PATHS = NO;
				CLANG_ANALYZER_NONNULL = YES;
				CLANG_CXX_LANGUAGE_STANDARD = "gnu++0x";
				CLANG_CXX_LIBRARY = "libc++";
				CLANG_ENABLE_MODULES = YES;
				CLANG_ENABLE_OBJC_ARC = YES;
				CLANG_WARN_BOOL_CONVERSION = YES;
				CLANG_WARN_CONSTANT_CONVERSION = YES;
				CLANG_WARN_DIRECT_OBJC_ISA_USAGE = YES_ERROR;
				CLANG_WARN_DOCUMENTATION_COMMENTS = YES;
				CLANG_WARN_EMPTY_BODY = YES;
				CLANG_WARN_ENUM_CONVERSION = YES;
				CLANG_WARN_INFINITE_RECURSION = YES;
				CLANG_WARN_INT_CONVERSION = YES;
				CLANG_WARN_OBJC_ROOT_CLASS = YES_ERROR;
				CLANG_WARN_SUSPICIOUS_MOVE = YES;
				CLANG_WARN_UNREACHABLE_CODE = YES;
				CLANG_WARN__DUPLICATE_METHOD_MATCH = YES;
				"CODE_SIGN_IDENTITY[sdk=iphoneos*]" = "iPhone Developer";
				COPY_PHASE_STRIP = NO;
				DEBUG_INFORMATION_FORMAT = dwarf;
				ENABLE_STRICT_OBJC_MSGSEND = YES;
				ENABLE_TESTABILITY = YES;
				GCC_C_LANGUAGE_STANDARD = gnu99;
				GCC_DYNAMIC_NO_PIC = NO;
				GCC_NO_COMMON_BLOCKS = YES;
				GCC_OPTIMIZATION_LEVEL = 0;
				GCC_PREPROCESSOR_DEFINITIONS = (
					"DEBUG=1",
					"$(inherited)",
				);
				GCC_WARN_64_TO_32_BIT_CONVERSION = YES;
				GCC_WARN_ABOUT_RETURN_TYPE = YES_ERROR;
				GCC_WARN_UNDECLARED_SELECTOR = YES;
				GCC_WARN_UNINITIALIZED_AUTOS = YES_AGGRESSIVE;
				GCC_WARN_UNUSED_FUNCTION = YES;
				GCC_WARN_UNUSED_VARIABLE = YES;
				IPHONEOS_DEPLOYMENT_TARGET = 10.2;
				MTL_ENABLE_DEBUG_INFO = YES;
				ONLY_ACTIVE_ARCH = YES;
				SDKROOT = iphoneos;
				SWIFT_ACTIVE_COMPILATION_CONDITIONS = DEBUG;
				SWIFT_OPTIMIZATION_LEVEL = "-Onone";
				TARGETED_DEVICE_FAMILY = "1,2";
			};
			name = Debug;
		};
		656AF87E1E45FC1300634FF2 /* Release */ = {
			isa = XCBuildConfiguration;
			buildSettings = {
				ALWAYS_SEARCH_USER_PATHS = NO;
				CLANG_ANALYZER_NONNULL = YES;
				CLANG_CXX_LANGUAGE_STANDARD = "gnu++0x";
				CLANG_CXX_LIBRARY = "libc++";
				CLANG_ENABLE_MODULES = YES;
				CLANG_ENABLE_OBJC_ARC = YES;
				CLANG_WARN_BOOL_CONVERSION = YES;
				CLANG_WARN_CONSTANT_CONVERSION = YES;
				CLANG_WARN_DIRECT_OBJC_ISA_USAGE = YES_ERROR;
				CLANG_WARN_DOCUMENTATION_COMMENTS = YES;
				CLANG_WARN_EMPTY_BODY = YES;
				CLANG_WARN_ENUM_CONVERSION = YES;
				CLANG_WARN_INFINITE_RECURSION = YES;
				CLANG_WARN_INT_CONVERSION = YES;
				CLANG_WARN_OBJC_ROOT_CLASS = YES_ERROR;
				CLANG_WARN_SUSPICIOUS_MOVE = YES;
				CLANG_WARN_UNREACHABLE_CODE = YES;
				CLANG_WARN__DUPLICATE_METHOD_MATCH = YES;
				"CODE_SIGN_IDENTITY[sdk=iphoneos*]" = "iPhone Developer";
				COPY_PHASE_STRIP = NO;
				DEBUG_INFORMATION_FORMAT = "dwarf-with-dsym";
				ENABLE_NS_ASSERTIONS = NO;
				ENABLE_STRICT_OBJC_MSGSEND = YES;
				GCC_C_LANGUAGE_STANDARD = gnu99;
				GCC_NO_COMMON_BLOCKS = YES;
				GCC_WARN_64_TO_32_BIT_CONVERSION = YES;
				GCC_WARN_ABOUT_RETURN_TYPE = YES_ERROR;
				GCC_WARN_UNDECLARED_SELECTOR = YES;
				GCC_WARN_UNINITIALIZED_AUTOS = YES_AGGRESSIVE;
				GCC_WARN_UNUSED_FUNCTION = YES;
				GCC_WARN_UNUSED_VARIABLE = YES;
				IPHONEOS_DEPLOYMENT_TARGET = 10.2;
				MTL_ENABLE_DEBUG_INFO = NO;
				SDKROOT = iphoneos;
				SWIFT_OPTIMIZATION_LEVEL = "-Owholemodule";
				TARGETED_DEVICE_FAMILY = "1,2";
				VALIDATE_PRODUCT = YES;
			};
			name = Release;
		};
		656AF8801E45FC1300634FF2 /* Debug */ = {
			isa = XCBuildConfiguration;
			baseConfigurationReference = F525B855041DE752FF25D441 /* Pods-Swiftly.debug.xcconfig */;
			buildSettings = {
				ASSETCATALOG_COMPILER_APPICON_NAME = AppIcon;
				DEVELOPMENT_TEAM = 49CJ89TL4W;
				INFOPLIST_FILE = "$(SRCROOT)/Swiftly/SupportingFiles/Info.plist";
				LD_RUNPATH_SEARCH_PATHS = "$(inherited) @executable_path/Frameworks";
				PRODUCT_BUNDLE_IDENTIFIER = com.petesmith.Swiftly;
				PRODUCT_NAME = "$(TARGET_NAME)";
				SWIFT_VERSION = 3.0;
			};
			name = Debug;
		};
		656AF8811E45FC1300634FF2 /* Release */ = {
			isa = XCBuildConfiguration;
			baseConfigurationReference = B6456A7A3A1BC4D763870ED0 /* Pods-Swiftly.release.xcconfig */;
			buildSettings = {
				ASSETCATALOG_COMPILER_APPICON_NAME = AppIcon;
				DEVELOPMENT_TEAM = 49CJ89TL4W;
				INFOPLIST_FILE = "$(SRCROOT)/Swiftly/SupportingFiles/Info.plist";
				LD_RUNPATH_SEARCH_PATHS = "$(inherited) @executable_path/Frameworks";
				PRODUCT_BUNDLE_IDENTIFIER = com.petesmith.Swiftly;
				PRODUCT_NAME = "$(TARGET_NAME)";
				SWIFT_VERSION = 3.0;
			};
			name = Release;
		};
/* End XCBuildConfiguration section */

/* Begin XCConfigurationList section */
		656AF8681E45FC1300634FF2 /* Build configuration list for PBXProject "Swiftly" */ = {
			isa = XCConfigurationList;
			buildConfigurations = (
				656AF87D1E45FC1300634FF2 /* Debug */,
				656AF87E1E45FC1300634FF2 /* Release */,
			);
			defaultConfigurationIsVisible = 0;
			defaultConfigurationName = Release;
		};
		656AF87F1E45FC1300634FF2 /* Build configuration list for PBXNativeTarget "Swiftly" */ = {
			isa = XCConfigurationList;
			buildConfigurations = (
				656AF8801E45FC1300634FF2 /* Debug */,
				656AF8811E45FC1300634FF2 /* Release */,
			);
			defaultConfigurationIsVisible = 0;
			defaultConfigurationName = Release;
		};
/* End XCConfigurationList section */
	};
	rootObject = 656AF8651E45FC1300634FF2 /* Project object */;
}
